PODS:
  - Flutter (1.0.0)
  - video_player_header (0.0.1):
    - Flutter

DEPENDENCIES:
  - Flutter (from `.symlinks/flutter/ios`)
  - video_player_header (from `.symlinks/plugins/video_player_header/ios`)

EXTERNAL SOURCES:
  Flutter:
    :path: ".symlinks/flutter/ios"
  video_player_header:
    :path: ".symlinks/plugins/video_player_header/ios"

SPEC CHECKSUMS:
  Flutter: 0e3d915762c693b495b44d77113d4970485de6ec
  video_player_header: 997b5cf09cad88f65c3b198bdf01989797c5488d

PODFILE CHECKSUM: 64b2109b760ac9073c864e2a8278e6464efaa219

COCOAPODS: 1.8.0
